
Microsoft Visual Studio Solution File, Format Version 12.00
# Visual Studio 15
VisualStudioVersion = 15.0.27703.2042
MinimumVisualStudioVersion = 10.0.40219.1
Project("{FAE04EC0-301F-11D3-BF4B-00C04F79EFBC}") = "Banco", "Banco\Banco.csproj", "{24476CCD-7FBF-4F17-B5E5-25EBEEB451FB}"
EndProject
Global
	GlobalSection(SolutionConfigurationPlatforms) = preSolution
		Debug|Any CPU = Debug|Any CPU
		Release|Any CPU = Release|Any CPU
	EndGlobalSection
	GlobalSection(ProjectConfigurationPlatforms) = postSolution
		{24476CCD-7FBF-4F17-B5E5-25EBEEB451FB}.Debug|Any CPU.ActiveCfg = Debug|Any CPU
		{24476CCD-7FBF-4F17-B5E5-25EBEEB451FB}.Debug|Any CPU.Build.0 = Debug|Any CPU
		{24476CCD-7FBF-4F17-B5E5-25EBEEB451FB}.Release|Any CPU.ActiveCfg = Debug|Any CPU
		{24476CCD-7FBF-4F17-B5E5-25EBEEB451FB}.Release|Any CPU.Build.0 = Debug|Any CPU
	EndGlobalSection
	GlobalSection(SolutionProperties) = preSolution
		HideSolutionNode = FALSE
	EndGlobalSection
	GlobalSection(ExtensibilityGlobals) = postSolution
		SolutionGuid = {6D4AD72F-8D39-4230-9EDF-0789CCBAE412}
	EndGlobalSection
EndGlobal
